
Microsoft Visual Studio Solution File, Format Version 12.00
# Visual Studio Version 16
VisualStudioVersion = 16.0.31702.278
MinimumVisualStudioVersion = 10.0.40219.1
Project("{FAE04EC0-301F-11D3-BF4B-00C04F79EFBC}") = "PokeApp", "PokeApp\PokeApp.csproj", "{D74291B3-D828-4A78-A226-74944569DA54}"
EndProject
Global
	GlobalSection(SolutionConfigurationPlatforms) = preSolution
		Debug|Any CPU = Debug|Any CPU
		Release|Any CPU = Release|Any CPU
	EndGlobalSection
	GlobalSection(ProjectConfigurationPlatforms) = postSolution
		{D74291B3-D828-4A78-A226-74944569DA54}.Debug|Any CPU.ActiveCfg = Debug|Any CPU
		{D74291B3-D828-4A78-A226-74944569DA54}.Debug|Any CPU.Build.0 = Debug|Any CPU
		{D74291B3-D828-4A78-A226-74944569DA54}.Release|Any CPU.ActiveCfg = Release|Any CPU
		{D74291B3-D828-4A78-A226-74944569DA54}.Release|Any CPU.Build.0 = Release|Any CPU
	EndGlobalSection
	GlobalSection(SolutionProperties) = preSolution
		HideSolutionNode = FALSE
	EndGlobalSection
	GlobalSection(ExtensibilityGlobals) = postSolution
		SolutionGuid = {FAA791B9-5DEF-46D0-A275-35EF56951DA1}
	EndGlobalSection
EndGlobal
